
Microsoft Visual Studio Solution File, Format Version 12.00
# Visual Studio Version 16
VisualStudioVersion = 16.0.30907.101
MinimumVisualStudioVersion = 10.0.40219.1
Project("{FAE04EC0-301F-11D3-BF4B-00C04F79EFBC}") = "HundredPrisoners", "HundredPrisoners\HundredPrisoners.csproj", "{A42C7350-F21B-4F7C-AA8E-E20DC5B0BCFD}"
EndProject
Global
	GlobalSection(SolutionConfigurationPlatforms) = preSolution
		Debug|Any CPU = Debug|Any CPU
		Release|Any CPU = Release|Any CPU
	EndGlobalSection
	GlobalSection(ProjectConfigurationPlatforms) = postSolution
		{A42C7350-F21B-4F7C-AA8E-E20DC5B0BCFD}.Debug|Any CPU.ActiveCfg = Debug|Any CPU
		{A42C7350-F21B-4F7C-AA8E-E20DC5B0BCFD}.Debug|Any CPU.Build.0 = Debug|Any CPU
		{A42C7350-F21B-4F7C-AA8E-E20DC5B0BCFD}.Release|Any CPU.ActiveCfg = Release|Any CPU
		{A42C7350-F21B-4F7C-AA8E-E20DC5B0BCFD}.Release|Any CPU.Build.0 = Release|Any CPU
	EndGlobalSection
	GlobalSection(SolutionProperties) = preSolution
		HideSolutionNode = FALSE
	EndGlobalSection
	GlobalSection(ExtensibilityGlobals) = postSolution
		SolutionGuid = {ECD33EAE-6A8E-48B8-AA04-5F3CE56612BE}
	EndGlobalSection
EndGlobal
